// !$*UTF8*$!
{
	archiveVersion = 1;
	classes = {
	};
	objectVersion = 50;
	objects = {

/* Begin PBXBuildFile section */
		72BB6680229225D600F1B267 /* AppDelegate.swift in Sources */ = {isa = PBXBuildFile; fileRef = 72BB667F229225D600F1B267 /* AppDelegate.swift */; };
		72BB6682229225D600F1B267 /* MainViewController.swift in Sources */ = {isa = PBXBuildFile; fileRef = 72BB6681229225D600F1B267 /* MainViewController.swift */; };
		72BB6687229225D700F1B267 /* Assets.xcassets in Resources */ = {isa = PBXBuildFile; fileRef = 72BB6686229225D700F1B267 /* Assets.xcassets */; };
		72BB668A229225D700F1B267 /* LaunchScreen.storyboard in Resources */ = {isa = PBXBuildFile; fileRef = 72BB6688229225D700F1B267 /* LaunchScreen.storyboard */; };
		72BB66922292275200F1B267 /* CalisthenicsViewController.swift in Sources */ = {isa = PBXBuildFile; fileRef = 72BB66912292275200F1B267 /* CalisthenicsViewController.swift */; };
		72BB669422923B4900F1B267 /* WeightsViewController.swift in Sources */ = {isa = PBXBuildFile; fileRef = 72BB669322923B4900F1B267 /* WeightsViewController.swift */; };
/* End PBXBuildFile section */

/* Begin PBXFileReference section */
		72BB667C229225D600F1B267 /* FormUp.app */ = {isa = PBXFileReference; explicitFileType = wrapper.application; includeInIndex = 0; path = FormUp.app; sourceTree = BUILT_PRODUCTS_DIR; };
		72BB667F229225D600F1B267 /* AppDelegate.swift */ = {isa = PBXFileReference; lastKnownFileType = sourcecode.swift; path = AppDelegate.swift; sourceTree = "<group>"; };
		72BB6681229225D600F1B267 /* MainViewController.swift */ = {isa = PBXFileReference; lastKnownFileType = sourcecode.swift; path = MainViewController.swift; sourceTree = "<group>"; };
		72BB6686229225D700F1B267 /* Assets.xcassets */ = {isa = PBXFileReference; lastKnownFileType = folder.assetcatalog; path = Assets.xcassets; sourceTree = "<group>"; };
		72BB6689229225D700F1B267 /* Base */ = {isa = PBXFileReference; lastKnownFileType = file.storyboard; name = Base; path = Base.lproj/LaunchScreen.storyboard; sourceTree = "<group>"; };
		72BB668B229225D700F1B267 /* Info.plist */ = {isa = PBXFileReference; lastKnownFileType = text.plist.xml; path = Info.plist; sourceTree = "<group>"; };
		72BB66912292275200F1B267 /* CalisthenicsViewController.swift */ = {isa = PBXFileReference; lastKnownFileType = sourcecode.swift; path = CalisthenicsViewController.swift; sourceTree = "<group>"; };
		72BB669322923B4900F1B267 /* WeightsViewController.swift */ = {isa = PBXFileReference; lastKnownFileType = sourcecode.swift; path = WeightsViewController.swift; sourceTree = "<group>"; };
/* End PBXFileReference section */

/* Begin PBXFrameworksBuildPhase section */
		72BB6679229225D600F1B267 /* Frameworks */ = {
			isa = PBXFrameworksBuildPhase;
			buildActionMask = 2147483647;
			files = (
			);
			runOnlyForDeploymentPostprocessing = 0;
		};
/* End PBXFrameworksBuildPhase section */

/* Begin PBXGroup section */
		72BB6673229225D600F1B267 = {
			isa = PBXGroup;
			children = (
				72BB667E229225D600F1B267 /* FormUp */,
				72BB667D229225D600F1B267 /* Products */,
			);
			sourceTree = "<group>";
		};
		72BB667D229225D600F1B267 /* Products */ = {
			isa = PBXGroup;
			children = (
				72BB667C229225D600F1B267 /* FormUp.app */,
			);
			name = Products;
			sourceTree = "<group>";
		};
		72BB667E229225D600F1B267 /* FormUp */ = {
			isa = PBXGroup;
			children = (
				72BB667F229225D600F1B267 /* AppDelegate.swift */,
				72BB6681229225D600F1B267 /* MainViewController.swift */,
				72BB66912292275200F1B267 /* CalisthenicsViewController.swift */,
				72BB669322923B4900F1B267 /* WeightsViewController.swift */,
				72BB6686229225D700F1B267 /* Assets.xcassets */,
				72BB6688229225D700F1B267 /* LaunchScreen.storyboard */,
				72BB668B229225D700F1B267 /* Info.plist */,
			);
			path = FormUp;
			sourceTree = "<group>";
		};
/* End PBXGroup section */

/* Begin PBXNativeTarget section */
		72BB667B229225D600F1B267 /* FormUp */ = {
			isa = PBXNativeTarget;
			buildConfigurationList = 72BB668E229225D700F1B267 /* Build configuration list for PBXNativeTarget "FormUp" */;
			buildPhases = (
				72BB6678229225D600F1B267 /* Sources */,
				72BB6679229225D600F1B267 /* Frameworks */,
				72BB667A229225D600F1B267 /* Resources */,
			);
			buildRules = (
			);
			dependencies = (
			);
			name = FormUp;
			productName = FormUp;
			productReference = 72BB667C229225D600F1B267 /* FormUp.app */;
			productType = "com.apple.product-type.application";
		};
/* End PBXNativeTarget section */

/* Begin PBXProject section */
		72BB6674229225D600F1B267 /* Project object */ = {
			isa = PBXProject;
			attributes = {
				LastSwiftUpdateCheck = 1020;
				LastUpgradeCheck = 1020;
				ORGANIZATIONNAME = adbht;
				TargetAttributes = {
					72BB667B229225D600F1B267 = {
						CreatedOnToolsVersion = 10.2.1;
					};
				};
			};
			buildConfigurationList = 72BB6677229225D600F1B267 /* Build configuration list for PBXProject "FormUp" */;
			compatibilityVersion = "Xcode 9.3";
			developmentRegion = en;
			hasScannedForEncodings = 0;
			knownRegions = (
				en,
				Base,
			);
			mainGroup = 72BB6673229225D600F1B267;
			productRefGroup = 72BB667D229225D600F1B267 /* Products */;
			projectDirPath = "";
			projectRoot = "";
			targets = (
				72BB667B229225D600F1B267 /* FormUp */,
			);
		};
/* End PBXProject section */

/* Begin PBXResourcesBuildPhase section */
		72BB667A229225D600F1B267 /* Resources */ = {
			isa = PBXResourcesBuildPhase;
			buildActionMask = 2147483647;
			files = (
				72BB668A229225D700F1B267 /* LaunchScreen.storyboard in Resources */,
				72BB6687229225D700F1B267 /* Assets.xcassets in Resources */,
			);
			runOnlyForDeploymentPostprocessing = 0;
		};
/* End PBXResourcesBuildPhase section */

/* Begin PBXSourcesBuildPhase section */
		72BB6678229225D600F1B267 /* Sources */ = {
			isa = PBXSourcesBuildPhase;
			buildActionMask = 2147483647;
			files = (
				72BB669422923B4900F1B267 /* WeightsViewController.swift in Sources */,
				72BB6682229225D600F1B267 /* MainViewController.swift in Sources */,
				72BB66922292275200F1B267 /* CalisthenicsViewController.swift in Sources */,
				72BB6680229225D600F1B267 /* AppDelegate.swift in Sources */,
			);
			runOnlyForDeploymentPostprocessing = 0;
		};
/* End PBXSourcesBuildPhase section */

/* Begin PBXVariantGroup section */
		72BB6688229225D700F1B267 /* LaunchScreen.storyboard */ = {
			isa = PBXVariantGroup;
			children = (
				72BB6689229225D700F1B267 /* Base */,
			);
			name = LaunchScreen.storyboard;
			sourceTree = "<group>";
		};
/* End PBXVariantGroup section */

/* Begin XCBuildConfiguration section */
		72BB668C229225D700F1B267 /* Debug */ = {
			isa = XCBuildConfiguration;
			buildSettings = {
				ALWAYS_SEARCH_USER_PATHS = NO;
				CLANG_ANALYZER_NONNULL = YES;
				CLANG_ANALYZER_NUMBER_OBJECT_CONVERSION = YES_AGGRESSIVE;
				CLANG_CXX_LANGUAGE_STANDARD = "gnu++14";
				CLANG_CXX_LIBRARY = "libc++";
				CLANG_ENABLE_MODULES = YES;
				CLANG_ENABLE_OBJC_ARC = YES;
				CLANG_ENABLE_OBJC_WEAK = YES;
				CLANG_WARN_BLOCK_CAPTURE_AUTORELEASING = YES;
				CLANG_WARN_BOOL_CONVERSION = YES;
				CLANG_WARN_COMMA = YES;
				CLANG_WARN_CONSTANT_CONVERSION = YES;
				CLANG_WARN_DEPRECATED_OBJC_IMPLEMENTATIONS = YES;
				CLANG_WARN_DIRECT_OBJC_ISA_USAGE = YES_ERROR;
				CLANG_WARN_DOCUMENTATION_COMMENTS = YES;
				CLANG_WARN_EMPTY_BODY = YES;
				CLANG_WARN_ENUM_CONVERSION = YES;
				CLANG_WARN_INFINITE_RECURSION = YES;
				CLANG_WARN_INT_CONVERSION = YES;
				CLANG_WARN_NON_LITERAL_NULL_CONVERSION = YES;
				CLANG_WARN_OBJC_IMPLICIT_RETAIN_SELF = YES;
				CLANG_WARN_OBJC_LITERAL_CONVERSION = YES;
				CLANG_WARN_OBJC_ROOT_CLASS = YES_ERROR;
				CLANG_WARN_RANGE_LOOP_ANALYSIS = YES;
				CLANG_WARN_STRICT_PROTOTYPES = YES;
				CLANG_WARN_SUSPICIOUS_MOVE = YES;
				CLANG_WARN_UNGUARDED_AVAILABILITY = YES_AGGRESSIVE;
				CLANG_WARN_UNREACHABLE_CODE = YES;
				CLANG_WARN__DUPLICATE_METHOD_MATCH = YES;
				CODE_SIGN_IDENTITY = "iPhone Developer";
				COPY_PHASE_STRIP = NO;
				DEBUG_INFORMATION_FORMAT = dwarf;
				ENABLE_STRICT_OBJC_MSGSEND = YES;
				ENABLE_TESTABILITY = YES;
				GCC_C_LANGUAGE_STANDARD = gnu11;
				GCC_DYNAMIC_NO_PIC = NO;
				GCC_NO_COMMON_BLOCKS = YES;
				GCC_OPTIMIZATION_LEVEL = 0;
				GCC_PREPROCESSOR_DEFINITIONS = (
					"DEBUG=1",
					"$(inherited)",
				);
				GCC_WARN_64_TO_32_BIT_CONVERSION = YES;
				GCC_WARN_ABOUT_RETURN_TYPE = YES_ERROR;
				GCC_WARN_UNDECLARED_SELECTOR = YES;
				GCC_WARN_UNINITIALIZED_AUTOS = YES_AGGRESSIVE;
				GCC_WARN_UNUSED_FUNCTION = YES;
				GCC_WARN_UNUSED_VARIABLE = YES;
				IPHONEOS_DEPLOYMENT_TARGET = 12.2;
				MTL_ENABLE_DEBUG_INFO = INCLUDE_SOURCE;
				MTL_FAST_MATH = YES;
				ONLY_ACTIVE_ARCH = YES;
				SDKROOT = iphoneos;
				SWIFT_ACTIVE_COMPILATION_CONDITIONS = DEBUG;
				SWIFT_OPTIMIZATION_LEVEL = "-Onone";
			};
			name = Debug;
		};
		72BB668D229225D700F1B267 /* Release */ = {
			isa = XCBuildConfiguration;
			buildSettings = {
				ALWAYS_SEARCH_USER_PATHS = NO;
				CLANG_ANALYZER_NONNULL = YES;
				CLANG_ANALYZER_NUMBER_OBJECT_CONVERSION = YES_AGGRESSIVE;
				CLANG_CXX_LANGUAGE_STANDARD = "gnu++14";
				CLANG_CXX_LIBRARY = "libc++";
				CLANG_ENABLE_MODULES = YES;
				CLANG_ENABLE_OBJC_ARC = YES;
				CLANG_ENABLE_OBJC_WEAK = YES;
				CLANG_WARN_BLOCK_CAPTURE_AUTORELEASING = YES;
				CLANG_WARN_BOOL_CONVERSION = YES;
				CLANG_WARN_COMMA = YES;
				CLANG_WARN_CONSTANT_CONVERSION = YES;
				CLANG_WARN_DEPRECATED_OBJC_IMPLEMENTATIONS = YES;
				CLANG_WARN_DIRECT_OBJC_ISA_USAGE = YES_ERROR;
				CLANG_WARN_DOCUMENTATION_COMMENTS = YES;
				CLANG_WARN_EMPTY_BODY = YES;
				CLANG_WARN_ENUM_CONVERSION = YES;
				CLANG_WARN_INFINITE_RECURSION = YES;
				CLANG_WARN_INT_CONVERSION = YES;
				CLANG_WARN_NON_LITERAL_NULL_CONVERSION = YES;
				CLANG_WARN_OBJC_IMPLICIT_RETAIN_SELF = YES;
				CLANG_WARN_OBJC_LITERAL_CONVERSION = YES;
				CLANG_WARN_OBJC_ROOT_CLASS = YES_ERROR;
				CLANG_WARN_RANGE_LOOP_ANALYSIS = YES;
				CLANG_WARN_STRICT_PROTOTYPES = YES;
				CLANG_WARN_SUSPICIOUS_MOVE = YES;
				CLANG_WARN_UNGUARDED_AVAILABILITY = YES_AGGRESSIVE;
				CLANG_WARN_UNREACHABLE_CODE = YES;
				CLANG_WARN__DUPLICATE_METHOD_MATCH = YES;
				CODE_SIGN_IDENTITY = "iPhone Developer";
				COPY_PHASE_STRIP = NO;
				DEBUG_INFORMATION_FORMAT = "dwarf-with-dsym";
				ENABLE_NS_ASSERTIONS = NO;
				ENABLE_STRICT_OBJC_MSGSEND = YES;
				GCC_C_LANGUAGE_STANDARD = gnu11;
				GCC_NO_COMMON_BLOCKS = YES;
				GCC_WARN_64_TO_32_BIT_CONVERSION = YES;
				GCC_WARN_ABOUT_RETURN_TYPE = YES_ERROR;
				GCC_WARN_UNDECLARED_SELECTOR = YES;
				GCC_WARN_UNINITIALIZED_AUTOS = YES_AGGRESSIVE;
				GCC_WARN_UNUSED_FUNCTION = YES;
				GCC_WARN_UNUSED_VARIABLE = YES;
				IPHONEOS_DEPLOYMENT_TARGET = 12.2;
				MTL_ENABLE_DEBUG_INFO = NO;
				MTL_FAST_MATH = YES;
				SDKROOT = iphoneos;
				SWIFT_COMPILATION_MODE = wholemodule;
				SWIFT_OPTIMIZATION_LEVEL = "-O";
				VALIDATE_PRODUCT = YES;
			};
			name = Release;
		};
		72BB668F229225D700F1B267 /* Debug */ = {
			isa = XCBuildConfiguration;
			buildSettings = {
				ASSETCATALOG_COMPILER_APPICON_NAME = AppIcon;
				CODE_SIGN_STYLE = Automatic;
				DEVELOPMENT_TEAM = 4U5YQ9N2RD;
				INFOPLIST_FILE = FormUp/Info.plist;
				LD_RUNPATH_SEARCH_PATHS = (
					"$(inherited)",
					"@executable_path/Frameworks",
				);
				PRODUCT_BUNDLE_IDENTIFIER = com.adbht.FormUp;
				PRODUCT_NAME = "$(TARGET_NAME)";
				SWIFT_VERSION = 5.0;
				TARGETED_DEVICE_FAMILY = "1,2";
			};
			name = Debug;
		};
		72BB6690229225D700F1B267 /* Release */ = {
			isa = XCBuildConfiguration;
			buildSettings = {
				ASSETCATALOG_COMPILER_APPICON_NAME = AppIcon;
				CODE_SIGN_STYLE = Automatic;
				DEVELOPMENT_TEAM = 4U5YQ9N2RD;
				INFOPLIST_FILE = FormUp/Info.plist;
				LD_RUNPATH_SEARCH_PATHS = (
					"$(inherited)",
					"@executable_path/Frameworks",
				);
				PRODUCT_BUNDLE_IDENTIFIER = com.adbht.FormUp;
				PRODUCT_NAME = "$(TARGET_NAME)";
				SWIFT_VERSION = 5.0;
				TARGETED_DEVICE_FAMILY = "1,2";
			};
			name = Release;
		};
/* End XCBuildConfiguration section */

/* Begin XCConfigurationList section */
		72BB6677229225D600F1B267 /* Build configuration list for PBXProject "FormUp" */ = {
			isa = XCConfigurationList;
			buildConfigurations = (
				72BB668C229225D700F1B267 /* Debug */,
				72BB668D229225D700F1B267 /* Release */,
			);
			defaultConfigurationIsVisible = 0;
			defaultConfigurationName = Release;
		};
		72BB668E229225D700F1B267 /* Build configuration list for PBXNativeTarget "FormUp" */ = {
			isa = XCConfigurationList;
			buildConfigurations = (
				72BB668F229225D700F1B267 /* Debug */,
				72BB6690229225D700F1B267 /* Release */,
			);
			defaultConfigurationIsVisible = 0;
			defaultConfigurationName = Release;
		};
/* End XCConfigurationList section */
	};
	rootObject = 72BB6674229225D600F1B267 /* Project object */;
}
